<?xml version="1.0" encoding="UTF-8"?>
<Scheme
   LastUpgradeVersion = "1530"
   version = "1.7">
   <BuildAction
      parallelizeBuildables = "YES"
      buildImplicitDependencies = "YES"
      buildArchitectures = "Automatic">
      <BuildActionEntries>
         <BuildActionEntry
            buildForTesting = "YES"
            buildForRunning = "YES"
            buildForProfiling = "YES"
            buildForArchiving = "YES"
            buildForAnalyzing = "YES">
            <BuildableReference
               BuildableIdentifier = "primary"
               BlueprintIdentifier = "glide-sdk-swift"
               BuildableName = "glide-sdk-swift"
               BlueprintName = "glide-sdk-swift"
               ReferencedContainer = "container:">
            </BuildableReference>
         </BuildActionEntry>
      </BuildActionEntries>
   </BuildAction>
   <TestAction
      buildConfiguration = "Debug"
      selectedDebuggerIdentifier = "Xcode.DebuggerFoundation.Debugger.LLDB"
      selectedLauncherIdentifier = "Xcode.DebuggerFoundation.Launcher.LLDB"
      shouldUseLaunchSchemeArgsEnv = "YES"
      shouldAutocreateTestPlan = "YES">
      <Testables>
         <TestableReference
            skipped = "NO">
            <BuildableReference
               BuildableIdentifier = "primary"
               BlueprintIdentifier = "glide-sdk-swiftTests"
               BuildableName = "glide-sdk-swiftTests"
               BlueprintName = "glide-sdk-swiftTests"
               ReferencedContainer = "container:">
            </BuildableReference>
         </TestableReference>
      </Testables>
   </TestAction>
   <LaunchAction
      buildConfiguration = "Debug"
      selectedDebuggerIdentifier = "Xcode.DebuggerFoundation.Debugger.LLDB"
      selectedLauncherIdentifier = "Xcode.DebuggerFoundation.Launcher.LLDB"
      launchStyle = "0"
      useCustomWorkingDirectory = "NO"
      ignoresPersistentStateOnLaunch = "NO"
      debugDocumentVersioning = "YES"
      debugServiceExtension = "internal"
      allowLocationSimulation = "YES">
      <EnvironmentVariables>
         <EnvironmentVariable
            key = "GLIDE_CLIENT_ID"
            value = "AGGXRV5S0GUTKRZOLYE8BB"
            isEnabled = "YES">
         </EnvironmentVariable>
         <EnvironmentVariable
            key = "GLIDE_CLIENT_SECRET"
            value = "5Z6VHVSsoDel4msofiRj8COyLmChD305"
            isEnabled = "YES">
         </EnvironmentVariable>
         <EnvironmentVariable
            key = "GLIDE_AUTH_BASE_URL"
            value = "https://oidc-staging.gateway-x.io"
            isEnabled = "YES">
         </EnvironmentVariable>
         <EnvironmentVariable
            key = "GLIDE_API_BASE_URL"
            value = "https://api-staging.gateway-x.io"
            isEnabled = "YES">
         </EnvironmentVariable>
         <EnvironmentVariable
            key = "GLIDE_REDIRECT_URI"
            value = "https://dev.gateway-x.io/dev-redirector/callback"
            isEnabled = "YES">
         </EnvironmentVariable>
      </EnvironmentVariables>
   </LaunchAction>
   <ProfileAction
      buildConfiguration = "Release"
      shouldUseLaunchSchemeArgsEnv = "YES"
      savedToolIdentifier = ""
      useCustomWorkingDirectory = "NO"
      debugDocumentVersioning = "YES">
      <MacroExpansion>
         <BuildableReference
            BuildableIdentifier = "primary"
            BlueprintIdentifier = "glide-sdk-swift"
            BuildableName = "glide-sdk-swift"
            BlueprintName = "glide-sdk-swift"
            ReferencedContainer = "container:">
         </BuildableReference>
      </MacroExpansion>
   </ProfileAction>
   <AnalyzeAction
      buildConfiguration = "Debug">
   </AnalyzeAction>
   <ArchiveAction
      buildConfiguration = "Release"
      revealArchiveInOrganizer = "YES">
   </ArchiveAction>
</Scheme>
